# THIS IS AN AUTOGENERATED FILE. DO NOT EDIT THIS FILE DIRECTLY.
# yarn lockfile v1


"@typoerr/atomic@^0.0.20":
  version "0.0.20"
  resolved "https://registry.yarnpkg.com/@typoerr/atomic/-/atomic-0.0.20.tgz#f3ffbb2269c4c34884f1cabbbcc87caaac6ae8f9"
  integrity sha512-5JmlIGgaSTe+lwM8ClKM2XN2joA4bW4HYNsuHL6dIbqGSiwemdKRNmaTq8si9XopJjEWE096zGYTRA8eDfBGRg==
